<Solution>
  <Folder Name="/Plugins/">
    <Project Path="Plugins/Plugins.DataStore.InMemory/Plugins.DataStore.InMemory.csproj" Id="ad1cc873-db56-4c0a-ab3d-e181a45307ab" />
    <Project Path="Plugins/Plugins.DataStore.SQL/Plugins.DataStore.SQL.csproj" Id="e7419a40-a0e8-4e4c-9397-b1764c9e7885" />
  </Folder>
  <Project Path="CoreBusiness/CoreBusiness.csproj" Id="d4231a29-2eea-4fea-a64f-7a51677e118b" />
  <Project Path="MVC_Project/Infrastructure.csproj" />
  <Project Path="UseCases/UseCases.csproj" />
</Solution>
